
Microsoft Visual Studio Solution File, Format Version 12.00
# Visual Studio Version 17
VisualStudioVersion = 17.0.31919.166
MinimumVisualStudioVersion = 10.0.40219.1
Project("{9A19103F-16F7-4668-BE54-9A1E7A4F7556}") = "ConductorSharp.Engine", "src\ConductorSharp.Engine\ConductorSharp.Engine.csproj", "{22BDC06E-50E5-4FE4-97D2-CD9E07EF4842}"
EndProject
Project("{9A19103F-16F7-4668-BE54-9A1E7A4F7556}") = "ConductorSharp.Client", "src\ConductorSharp.Client\ConductorSharp.Client.csproj", "{3244BEE8-17C4-4B00-BEB1-A41CC3E95482}"
EndProject
Project("{9A19103F-16F7-4668-BE54-9A1E7A4F7556}") = "ConductorSharp.Engine.Tests", "src\ConductorSharp.Engine.Tests\ConductorSharp.Engine.Tests.csproj", "{D1CE06E3-F2F7-4C41-ADF1-85E65041D91F}"
EndProject
Global
	GlobalSection(SolutionConfigurationPlatforms) = preSolution
		Debug|Any CPU = Debug|Any CPU
		Release|Any CPU = Release|Any CPU
	EndGlobalSection
	GlobalSection(ProjectConfigurationPlatforms) = postSolution
		{22BDC06E-50E5-4FE4-97D2-CD9E07EF4842}.Debug|Any CPU.ActiveCfg = Debug|Any CPU
		{22BDC06E-50E5-4FE4-97D2-CD9E07EF4842}.Debug|Any CPU.Build.0 = Debug|Any CPU
		{22BDC06E-50E5-4FE4-97D2-CD9E07EF4842}.Release|Any CPU.ActiveCfg = Release|Any CPU
		{22BDC06E-50E5-4FE4-97D2-CD9E07EF4842}.Release|Any CPU.Build.0 = Release|Any CPU
		{3244BEE8-17C4-4B00-BEB1-A41CC3E95482}.Debug|Any CPU.ActiveCfg = Debug|Any CPU
		{3244BEE8-17C4-4B00-BEB1-A41CC3E95482}.Debug|Any CPU.Build.0 = Debug|Any CPU
		{3244BEE8-17C4-4B00-BEB1-A41CC3E95482}.Release|Any CPU.ActiveCfg = Release|Any CPU
		{3244BEE8-17C4-4B00-BEB1-A41CC3E95482}.Release|Any CPU.Build.0 = Release|Any CPU
		{D1CE06E3-F2F7-4C41-ADF1-85E65041D91F}.Debug|Any CPU.ActiveCfg = Debug|Any CPU
		{D1CE06E3-F2F7-4C41-ADF1-85E65041D91F}.Debug|Any CPU.Build.0 = Debug|Any CPU
		{D1CE06E3-F2F7-4C41-ADF1-85E65041D91F}.Release|Any CPU.ActiveCfg = Release|Any CPU
		{D1CE06E3-F2F7-4C41-ADF1-85E65041D91F}.Release|Any CPU.Build.0 = Release|Any CPU
	EndGlobalSection
	GlobalSection(SolutionProperties) = preSolution
		HideSolutionNode = FALSE
	EndGlobalSection
	GlobalSection(ExtensibilityGlobals) = postSolution
		SolutionGuid = {2443B3EC-E590-4C83-8BE2-A0787C66307C}
	EndGlobalSection
EndGlobal
