
Microsoft Visual Studio Solution File, Format Version 12.00
# Visual Studio Version 17
VisualStudioVersion = 17.0.32014.148
MinimumVisualStudioVersion = 10.0.40219.1
Project("{FAE04EC0-301F-11D3-BF4B-00C04F79EFBC}") = "XgsPon", "XgsPon\XgsPon.csproj", "{A942A7F4-CDEA-458D-A7A9-035C66B574DF}"
EndProject
Project("{9A19103F-16F7-4668-BE54-9A1E7A4F7556}") = "XgsPon.Workflows.Engine", "XgsPon.Workflow.Engine\XgsPon.Workflows.Engine.csproj", "{BCA1F01A-BFBC-4EDE-BA4F-9935F8423893}"
EndProject
Project("{9A19103F-16F7-4668-BE54-9A1E7A4F7556}") = "XgsPon.Workflows.Client", "XgsPon.Workflow.Client\XgsPon.Workflows.Client.csproj", "{51587470-FCBD-4723-902F-DE331E5915B9}"
EndProject
Global
	GlobalSection(SolutionConfigurationPlatforms) = preSolution
		Debug|Any CPU = Debug|Any CPU
		Release|Any CPU = Release|Any CPU
	EndGlobalSection
	GlobalSection(ProjectConfigurationPlatforms) = postSolution
		{A942A7F4-CDEA-458D-A7A9-035C66B574DF}.Debug|Any CPU.ActiveCfg = Debug|Any CPU
		{A942A7F4-CDEA-458D-A7A9-035C66B574DF}.Debug|Any CPU.Build.0 = Debug|Any CPU
		{A942A7F4-CDEA-458D-A7A9-035C66B574DF}.Release|Any CPU.ActiveCfg = Release|Any CPU
		{A942A7F4-CDEA-458D-A7A9-035C66B574DF}.Release|Any CPU.Build.0 = Release|Any CPU
		{BCA1F01A-BFBC-4EDE-BA4F-9935F8423893}.Debug|Any CPU.ActiveCfg = Debug|Any CPU
		{BCA1F01A-BFBC-4EDE-BA4F-9935F8423893}.Debug|Any CPU.Build.0 = Debug|Any CPU
		{BCA1F01A-BFBC-4EDE-BA4F-9935F8423893}.Release|Any CPU.ActiveCfg = Release|Any CPU
		{BCA1F01A-BFBC-4EDE-BA4F-9935F8423893}.Release|Any CPU.Build.0 = Release|Any CPU
		{51587470-FCBD-4723-902F-DE331E5915B9}.Debug|Any CPU.ActiveCfg = Debug|Any CPU
		{51587470-FCBD-4723-902F-DE331E5915B9}.Debug|Any CPU.Build.0 = Debug|Any CPU
		{51587470-FCBD-4723-902F-DE331E5915B9}.Release|Any CPU.ActiveCfg = Release|Any CPU
		{51587470-FCBD-4723-902F-DE331E5915B9}.Release|Any CPU.Build.0 = Release|Any CPU
	EndGlobalSection
	GlobalSection(SolutionProperties) = preSolution
		HideSolutionNode = FALSE
	EndGlobalSection
	GlobalSection(ExtensibilityGlobals) = postSolution
		SolutionGuid = {66AA0935-3EB8-457C-9721-B53CB81156C0}
	EndGlobalSection
EndGlobal
